// !$*UTF8*$!
{
	archiveVersion = 1;
	classes = {
	};
	objectVersion = 54;
	objects = {

/* Begin PBXBuildFile section */
		2755F52326CFBDD8007CC759 /* MiddleLayoutView.swift in Sources */ = {isa = PBXBuildFile; fileRef = 2755F52226CFBDD8007CC759 /* MiddleLayoutView.swift */; };
		2755F52526CFC036007CC759 /* LeftLayoutView.swift in Sources */ = {isa = PBXBuildFile; fileRef = 2755F52426CFC036007CC759 /* LeftLayoutView.swift */; };
		2755F52726CFC52E007CC759 /* RightLayoutView.swift in Sources */ = {isa = PBXBuildFile; fileRef = 2755F52626CFC52E007CC759 /* RightLayoutView.swift */; };
		2775BE5926BC274D00E8DE8A /* LayoutSelectionView.swift in Sources */ = {isa = PBXBuildFile; fileRef = 2775BE5826BC274D00E8DE8A /* LayoutSelectionView.swift */; };
		2775BE5D26BC3AD100E8DE8A /* RootViewController.swift in Sources */ = {isa = PBXBuildFile; fileRef = 2775BE5C26BC3AD100E8DE8A /* RootViewController.swift */; };
		2775BE5F26BD3F1700E8DE8A /* Delm-Medium.otf in Resources */ = {isa = PBXBuildFile; fileRef = 2775BE5E26BD3F1700E8DE8A /* Delm-Medium.otf */; };
		2775BE6126BD3F2800E8DE8A /* ThirstySoftRegular.otf in Resources */ = {isa = PBXBuildFile; fileRef = 2775BE6026BD3F2800E8DE8A /* ThirstySoftRegular.otf */; };
		27E5F57126B9672A0080204B /* AppDelegate.swift in Sources */ = {isa = PBXBuildFile; fileRef = 27E5F57026B9672A0080204B /* AppDelegate.swift */; };
		27E5F57A26B9672C0080204B /* Assets.xcassets in Resources */ = {isa = PBXBuildFile; fileRef = 27E5F57926B9672C0080204B /* Assets.xcassets */; };
		27E5F57D26B9672C0080204B /* LaunchScreen.storyboard in Resources */ = {isa = PBXBuildFile; fileRef = 27E5F57B26B9672C0080204B /* LaunchScreen.storyboard */; };
		ED08A58426DF774F00A00D57 /* Constants.swift in Sources */ = {isa = PBXBuildFile; fileRef = ED08A58326DF774F00A00D57 /* Constants.swift */; };
		ED08A58626DF7EBE00A00D57 /* LayoutContainerButton.swift in Sources */ = {isa = PBXBuildFile; fileRef = ED08A58526DF7EBE00A00D57 /* LayoutContainerButton.swift */; };
/* End PBXBuildFile section */

/* Begin PBXFileReference section */
		2755F52226CFBDD8007CC759 /* MiddleLayoutView.swift */ = {isa = PBXFileReference; lastKnownFileType = sourcecode.swift; path = MiddleLayoutView.swift; sourceTree = "<group>"; };
		2755F52426CFC036007CC759 /* LeftLayoutView.swift */ = {isa = PBXFileReference; lastKnownFileType = sourcecode.swift; path = LeftLayoutView.swift; sourceTree = "<group>"; };
		2755F52626CFC52E007CC759 /* RightLayoutView.swift */ = {isa = PBXFileReference; lastKnownFileType = sourcecode.swift; path = RightLayoutView.swift; sourceTree = "<group>"; };
		2775BE5826BC274D00E8DE8A /* LayoutSelectionView.swift */ = {isa = PBXFileReference; lastKnownFileType = sourcecode.swift; path = LayoutSelectionView.swift; sourceTree = "<group>"; };
		2775BE5C26BC3AD100E8DE8A /* RootViewController.swift */ = {isa = PBXFileReference; lastKnownFileType = sourcecode.swift; path = RootViewController.swift; sourceTree = "<group>"; };
		2775BE5E26BD3F1700E8DE8A /* Delm-Medium.otf */ = {isa = PBXFileReference; lastKnownFileType = file; path = "Delm-Medium.otf"; sourceTree = "<group>"; };
		2775BE6026BD3F2800E8DE8A /* ThirstySoftRegular.otf */ = {isa = PBXFileReference; lastKnownFileType = file; path = ThirstySoftRegular.otf; sourceTree = "<group>"; };
		27E5F56D26B9672A0080204B /* P4_01_Xcode.app */ = {isa = PBXFileReference; explicitFileType = wrapper.application; includeInIndex = 0; path = P4_01_Xcode.app; sourceTree = BUILT_PRODUCTS_DIR; };
		27E5F57026B9672A0080204B /* AppDelegate.swift */ = {isa = PBXFileReference; lastKnownFileType = sourcecode.swift; path = AppDelegate.swift; sourceTree = "<group>"; };
		27E5F57926B9672C0080204B /* Assets.xcassets */ = {isa = PBXFileReference; lastKnownFileType = folder.assetcatalog; path = Assets.xcassets; sourceTree = "<group>"; };
		27E5F57C26B9672C0080204B /* Base */ = {isa = PBXFileReference; lastKnownFileType = file.storyboard; name = Base; path = Base.lproj/LaunchScreen.storyboard; sourceTree = "<group>"; };
		27E5F57E26B9672C0080204B /* Info.plist */ = {isa = PBXFileReference; lastKnownFileType = text.plist.xml; path = Info.plist; sourceTree = "<group>"; };
		ED08A58326DF774F00A00D57 /* Constants.swift */ = {isa = PBXFileReference; lastKnownFileType = sourcecode.swift; path = Constants.swift; sourceTree = "<group>"; };
		ED08A58526DF7EBE00A00D57 /* LayoutContainerButton.swift */ = {isa = PBXFileReference; lastKnownFileType = sourcecode.swift; path = LayoutContainerButton.swift; sourceTree = "<group>"; };
/* End PBXFileReference section */

/* Begin PBXFrameworksBuildPhase section */
		27E5F56A26B9672A0080204B /* Frameworks */ = {
			isa = PBXFrameworksBuildPhase;
			buildActionMask = 2147483647;
			files = (
			);
			runOnlyForDeploymentPostprocessing = 0;
		};
/* End PBXFrameworksBuildPhase section */

/* Begin PBXGroup section */
		2775BE4626BC0CA500E8DE8A /* Views */ = {
			isa = PBXGroup;
			children = (
				2775BE4B26BC0EF400E8DE8A /* Controls */,
				27E5F57B26B9672C0080204B /* LaunchScreen.storyboard */,
				2775BE5C26BC3AD100E8DE8A /* RootViewController.swift */,
			);
			path = Views;
			sourceTree = "<group>";
		};
		2775BE4926BC0E9E00E8DE8A /* Resources */ = {
			isa = PBXGroup;
			children = (
				27E5F57926B9672C0080204B /* Assets.xcassets */,
				2775BE6026BD3F2800E8DE8A /* ThirstySoftRegular.otf */,
				2775BE5E26BD3F1700E8DE8A /* Delm-Medium.otf */,
			);
			path = Resources;
			sourceTree = "<group>";
		};
		2775BE4A26BC0EBD00E8DE8A /* Sources */ = {
			isa = PBXGroup;
			children = (
				27E5F57026B9672A0080204B /* AppDelegate.swift */,
				2775BE4626BC0CA500E8DE8A /* Views */,
				ED08A58326DF774F00A00D57 /* Constants.swift */,
			);
			path = Sources;
			sourceTree = "<group>";
		};
		2775BE4B26BC0EF400E8DE8A /* Controls */ = {
			isa = PBXGroup;
			children = (
				2775BE5826BC274D00E8DE8A /* LayoutSelectionView.swift */,
				2755F52426CFC036007CC759 /* LeftLayoutView.swift */,
				2755F52226CFBDD8007CC759 /* MiddleLayoutView.swift */,
				2755F52626CFC52E007CC759 /* RightLayoutView.swift */,
				ED08A58526DF7EBE00A00D57 /* LayoutContainerButton.swift */,
			);
			path = Controls;
			sourceTree = "<group>";
		};
		27E5F56426B9672A0080204B = {
			isa = PBXGroup;
			children = (
				27E5F56F26B9672A0080204B /* Configurations */,
				27E5F56E26B9672A0080204B /* Products */,
				2775BE4926BC0E9E00E8DE8A /* Resources */,
				2775BE4A26BC0EBD00E8DE8A /* Sources */,
			);
			sourceTree = "<group>";
		};
		27E5F56E26B9672A0080204B /* Products */ = {
			isa = PBXGroup;
			children = (
				27E5F56D26B9672A0080204B /* P4_01_Xcode.app */,
			);
			name = Products;
			sourceTree = "<group>";
		};
		27E5F56F26B9672A0080204B /* Configurations */ = {
			isa = PBXGroup;
			children = (
				27E5F57E26B9672C0080204B /* Info.plist */,
			);
			path = Configurations;
			sourceTree = "<group>";
		};
/* End PBXGroup section */

/* Begin PBXNativeTarget section */
		27E5F56C26B9672A0080204B /* P4_01_Xcode */ = {
			isa = PBXNativeTarget;
			buildConfigurationList = 27E5F58126B9672C0080204B /* Build configuration list for PBXNativeTarget "P4_01_Xcode" */;
			buildPhases = (
				27E5F56926B9672A0080204B /* Sources */,
				27E5F56A26B9672A0080204B /* Frameworks */,
				27E5F56B26B9672A0080204B /* Resources */,
				27D9BE4926EB69D3005EF065 /* Run Script */,
			);
			buildRules = (
			);
			dependencies = (
			);
			name = P4_01_Xcode;
			productName = P4_01_Xcode;
			productReference = 27E5F56D26B9672A0080204B /* P4_01_Xcode.app */;
			productType = "com.apple.product-type.application";
		};
/* End PBXNativeTarget section */

/* Begin PBXProject section */
		27E5F56526B9672A0080204B /* Project object */ = {
			isa = PBXProject;
			attributes = {
				LastSwiftUpdateCheck = 1250;
				LastUpgradeCheck = 1250;
				TargetAttributes = {
					27E5F56C26B9672A0080204B = {
						CreatedOnToolsVersion = 12.5.1;
					};
				};
			};
			buildConfigurationList = 27E5F56826B9672A0080204B /* Build configuration list for PBXProject "P4_01_Xcode" */;
			compatibilityVersion = "Xcode 12.0";
			developmentRegion = en;
			hasScannedForEncodings = 0;
			knownRegions = (
				en,
				Base,
			);
			mainGroup = 27E5F56426B9672A0080204B;
			productRefGroup = 27E5F56E26B9672A0080204B /* Products */;
			projectDirPath = "";
			projectRoot = "";
			targets = (
				27E5F56C26B9672A0080204B /* P4_01_Xcode */,
			);
		};
/* End PBXProject section */

/* Begin PBXResourcesBuildPhase section */
		27E5F56B26B9672A0080204B /* Resources */ = {
			isa = PBXResourcesBuildPhase;
			buildActionMask = 2147483647;
			files = (
				27E5F57D26B9672C0080204B /* LaunchScreen.storyboard in Resources */,
				27E5F57A26B9672C0080204B /* Assets.xcassets in Resources */,
				2775BE6126BD3F2800E8DE8A /* ThirstySoftRegular.otf in Resources */,
				2775BE5F26BD3F1700E8DE8A /* Delm-Medium.otf in Resources */,
			);
			runOnlyForDeploymentPostprocessing = 0;
		};
/* End PBXResourcesBuildPhase section */

/* Begin PBXShellScriptBuildPhase section */
		27D9BE4926EB69D3005EF065 /* Run Script */ = {
			isa = PBXShellScriptBuildPhase;
			buildActionMask = 2147483647;
			files = (
			);
			inputFileListPaths = (
			);
			inputPaths = (
			);
			name = "Run Script";
			outputFileListPaths = (
			);
			outputPaths = (
			);
			runOnlyForDeploymentPostprocessing = 0;
			shellPath = /bin/sh;
			shellScript = "if test -d \"/opt/homebrew/bin/\"; then\n  PATH=\"/opt/homebrew/bin/:${PATH}\"\nfi\n\nexport PATH\n\nif which swiftlint >/dev/null; then\n  swiftlint\nelse\n  echo \"warning: SwiftLint not installed, download from https://github.com/realm/SwiftLint\"\nfi\n";
		};
/* End PBXShellScriptBuildPhase section */

/* Begin PBXSourcesBuildPhase section */
		27E5F56926B9672A0080204B /* Sources */ = {
			isa = PBXSourcesBuildPhase;
			buildActionMask = 2147483647;
			files = (
				2755F52326CFBDD8007CC759 /* MiddleLayoutView.swift in Sources */,
				2755F52526CFC036007CC759 /* LeftLayoutView.swift in Sources */,
				27E5F57126B9672A0080204B /* AppDelegate.swift in Sources */,
				ED08A58626DF7EBE00A00D57 /* LayoutContainerButton.swift in Sources */,
				2755F52726CFC52E007CC759 /* RightLayoutView.swift in Sources */,
				ED08A58426DF774F00A00D57 /* Constants.swift in Sources */,
				2775BE5D26BC3AD100E8DE8A /* RootViewController.swift in Sources */,
				2775BE5926BC274D00E8DE8A /* LayoutSelectionView.swift in Sources */,
			);
			runOnlyForDeploymentPostprocessing = 0;
		};
/* End PBXSourcesBuildPhase section */

/* Begin PBXVariantGroup section */
		27E5F57B26B9672C0080204B /* LaunchScreen.storyboard */ = {
			isa = PBXVariantGroup;
			children = (
				27E5F57C26B9672C0080204B /* Base */,
			);
			name = LaunchScreen.storyboard;
			sourceTree = "<group>";
		};
/* End PBXVariantGroup section */

/* Begin XCBuildConfiguration section */
		27E5F57F26B9672C0080204B /* Debug */ = {
			isa = XCBuildConfiguration;
			buildSettings = {
				ALWAYS_SEARCH_USER_PATHS = NO;
				CLANG_ANALYZER_NONNULL = YES;
				CLANG_ANALYZER_NUMBER_OBJECT_CONVERSION = YES_AGGRESSIVE;
				CLANG_CXX_LANGUAGE_STANDARD = "gnu++14";
				CLANG_CXX_LIBRARY = "libc++";
				CLANG_ENABLE_MODULES = YES;
				CLANG_ENABLE_OBJC_ARC = YES;
				CLANG_ENABLE_OBJC_WEAK = YES;
				CLANG_WARN_BLOCK_CAPTURE_AUTORELEASING = YES;
				CLANG_WARN_BOOL_CONVERSION = YES;
				CLANG_WARN_COMMA = YES;
				CLANG_WARN_CONSTANT_CONVERSION = YES;
				CLANG_WARN_DEPRECATED_OBJC_IMPLEMENTATIONS = YES;
				CLANG_WARN_DIRECT_OBJC_ISA_USAGE = YES_ERROR;
				CLANG_WARN_DOCUMENTATION_COMMENTS = YES;
				CLANG_WARN_EMPTY_BODY = YES;
				CLANG_WARN_ENUM_CONVERSION = YES;
				CLANG_WARN_INFINITE_RECURSION = YES;
				CLANG_WARN_INT_CONVERSION = YES;
				CLANG_WARN_NON_LITERAL_NULL_CONVERSION = YES;
				CLANG_WARN_OBJC_IMPLICIT_RETAIN_SELF = YES;
				CLANG_WARN_OBJC_LITERAL_CONVERSION = YES;
				CLANG_WARN_OBJC_ROOT_CLASS = YES_ERROR;
				CLANG_WARN_QUOTED_INCLUDE_IN_FRAMEWORK_HEADER = YES;
				CLANG_WARN_RANGE_LOOP_ANALYSIS = YES;
				CLANG_WARN_STRICT_PROTOTYPES = YES;
				CLANG_WARN_SUSPICIOUS_MOVE = YES;
				CLANG_WARN_UNGUARDED_AVAILABILITY = YES_AGGRESSIVE;
				CLANG_WARN_UNREACHABLE_CODE = YES;
				CLANG_WARN__DUPLICATE_METHOD_MATCH = YES;
				COPY_PHASE_STRIP = NO;
				DEBUG_INFORMATION_FORMAT = dwarf;
				ENABLE_STRICT_OBJC_MSGSEND = YES;
				ENABLE_TESTABILITY = YES;
				GCC_C_LANGUAGE_STANDARD = gnu11;
				GCC_DYNAMIC_NO_PIC = NO;
				GCC_NO_COMMON_BLOCKS = YES;
				GCC_OPTIMIZATION_LEVEL = 0;
				GCC_PREPROCESSOR_DEFINITIONS = (
					"DEBUG=1",
					"$(inherited)",
				);
				GCC_WARN_64_TO_32_BIT_CONVERSION = YES;
				GCC_WARN_ABOUT_RETURN_TYPE = YES_ERROR;
				GCC_WARN_UNDECLARED_SELECTOR = YES;
				GCC_WARN_UNINITIALIZED_AUTOS = YES_AGGRESSIVE;
				GCC_WARN_UNUSED_FUNCTION = YES;
				GCC_WARN_UNUSED_VARIABLE = YES;
				INFOPLIST_FILE = /Users/noralillamatyassi/Documents/openclassroom/P4_matyassi_nora_lilla/instagrid/P4_01_Xcode/P4_01_Xcode/Configuration;
				IPHONEOS_DEPLOYMENT_TARGET = 14.5;
				MTL_ENABLE_DEBUG_INFO = INCLUDE_SOURCE;
				MTL_FAST_MATH = YES;
				ONLY_ACTIVE_ARCH = YES;
				SDKROOT = iphoneos;
				SWIFT_ACTIVE_COMPILATION_CONDITIONS = DEBUG;
				SWIFT_OPTIMIZATION_LEVEL = "-Onone";
			};
			name = Debug;
		};
		27E5F58026B9672C0080204B /* Release */ = {
			isa = XCBuildConfiguration;
			buildSettings = {
				ALWAYS_SEARCH_USER_PATHS = NO;
				CLANG_ANALYZER_NONNULL = YES;
				CLANG_ANALYZER_NUMBER_OBJECT_CONVERSION = YES_AGGRESSIVE;
				CLANG_CXX_LANGUAGE_STANDARD = "gnu++14";
				CLANG_CXX_LIBRARY = "libc++";
				CLANG_ENABLE_MODULES = YES;
				CLANG_ENABLE_OBJC_ARC = YES;
				CLANG_ENABLE_OBJC_WEAK = YES;
				CLANG_WARN_BLOCK_CAPTURE_AUTORELEASING = YES;
				CLANG_WARN_BOOL_CONVERSION = YES;
				CLANG_WARN_COMMA = YES;
				CLANG_WARN_CONSTANT_CONVERSION = YES;
				CLANG_WARN_DEPRECATED_OBJC_IMPLEMENTATIONS = YES;
				CLANG_WARN_DIRECT_OBJC_ISA_USAGE = YES_ERROR;
				CLANG_WARN_DOCUMENTATION_COMMENTS = YES;
				CLANG_WARN_EMPTY_BODY = YES;
				CLANG_WARN_ENUM_CONVERSION = YES;
				CLANG_WARN_INFINITE_RECURSION = YES;
				CLANG_WARN_INT_CONVERSION = YES;
				CLANG_WARN_NON_LITERAL_NULL_CONVERSION = YES;
				CLANG_WARN_OBJC_IMPLICIT_RETAIN_SELF = YES;
				CLANG_WARN_OBJC_LITERAL_CONVERSION = YES;
				CLANG_WARN_OBJC_ROOT_CLASS = YES_ERROR;
				CLANG_WARN_QUOTED_INCLUDE_IN_FRAMEWORK_HEADER = YES;
				CLANG_WARN_RANGE_LOOP_ANALYSIS = YES;
				CLANG_WARN_STRICT_PROTOTYPES = YES;
				CLANG_WARN_SUSPICIOUS_MOVE = YES;
				CLANG_WARN_UNGUARDED_AVAILABILITY = YES_AGGRESSIVE;
				CLANG_WARN_UNREACHABLE_CODE = YES;
				CLANG_WARN__DUPLICATE_METHOD_MATCH = YES;
				COPY_PHASE_STRIP = NO;
				DEBUG_INFORMATION_FORMAT = "dwarf-with-dsym";
				ENABLE_NS_ASSERTIONS = NO;
				ENABLE_STRICT_OBJC_MSGSEND = YES;
				GCC_C_LANGUAGE_STANDARD = gnu11;
				GCC_NO_COMMON_BLOCKS = YES;
				GCC_WARN_64_TO_32_BIT_CONVERSION = YES;
				GCC_WARN_ABOUT_RETURN_TYPE = YES_ERROR;
				GCC_WARN_UNDECLARED_SELECTOR = YES;
				GCC_WARN_UNINITIALIZED_AUTOS = YES_AGGRESSIVE;
				GCC_WARN_UNUSED_FUNCTION = YES;
				GCC_WARN_UNUSED_VARIABLE = YES;
				INFOPLIST_FILE = /Users/noralillamatyassi/Documents/openclassroom/P4_matyassi_nora_lilla/instagrid/P4_01_Xcode/P4_01_Xcode/Configuration;
				IPHONEOS_DEPLOYMENT_TARGET = 14.5;
				MTL_ENABLE_DEBUG_INFO = NO;
				MTL_FAST_MATH = YES;
				SDKROOT = iphoneos;
				SWIFT_COMPILATION_MODE = wholemodule;
				SWIFT_OPTIMIZATION_LEVEL = "-O";
				VALIDATE_PRODUCT = YES;
			};
			name = Release;
		};
		27E5F58226B9672C0080204B /* Debug */ = {
			isa = XCBuildConfiguration;
			buildSettings = {
				ASSETCATALOG_COMPILER_APPICON_NAME = AppIcon;
				ASSETCATALOG_COMPILER_GLOBAL_ACCENT_COLOR_NAME = AccentColor;
				CODE_SIGN_STYLE = Automatic;
				DEVELOPMENT_TEAM = U56C9Q3FLL;
				INFOPLIST_FILE = Configurations/Info.plist;
				LD_RUNPATH_SEARCH_PATHS = (
					"$(inherited)",
					"@executable_path/Frameworks",
				);
				PRODUCT_BUNDLE_IDENTIFIER = "com.noralilla.matyassi.P4-01-Xcode";
				PRODUCT_NAME = "$(TARGET_NAME)";
				SWIFT_VERSION = 5.0;
				TARGETED_DEVICE_FAMILY = 1;
			};
			name = Debug;
		};
		27E5F58326B9672C0080204B /* Release */ = {
			isa = XCBuildConfiguration;
			buildSettings = {
				ASSETCATALOG_COMPILER_APPICON_NAME = AppIcon;
				ASSETCATALOG_COMPILER_GLOBAL_ACCENT_COLOR_NAME = AccentColor;
				CODE_SIGN_STYLE = Automatic;
				DEVELOPMENT_TEAM = U56C9Q3FLL;
				INFOPLIST_FILE = Configurations/Info.plist;
				LD_RUNPATH_SEARCH_PATHS = (
					"$(inherited)",
					"@executable_path/Frameworks",
				);
				PRODUCT_BUNDLE_IDENTIFIER = "com.noralilla.matyassi.P4-01-Xcode";
				PRODUCT_NAME = "$(TARGET_NAME)";
				SWIFT_VERSION = 5.0;
				TARGETED_DEVICE_FAMILY = 1;
			};
			name = Release;
		};
/* End XCBuildConfiguration section */

/* Begin XCConfigurationList section */
		27E5F56826B9672A0080204B /* Build configuration list for PBXProject "P4_01_Xcode" */ = {
			isa = XCConfigurationList;
			buildConfigurations = (
				27E5F57F26B9672C0080204B /* Debug */,
				27E5F58026B9672C0080204B /* Release */,
			);
			defaultConfigurationIsVisible = 0;
			defaultConfigurationName = Release;
		};
		27E5F58126B9672C0080204B /* Build configuration list for PBXNativeTarget "P4_01_Xcode" */ = {
			isa = XCConfigurationList;
			buildConfigurations = (
				27E5F58226B9672C0080204B /* Debug */,
				27E5F58326B9672C0080204B /* Release */,
			);
			defaultConfigurationIsVisible = 0;
			defaultConfigurationName = Release;
		};
/* End XCConfigurationList section */
	};
	rootObject = 27E5F56526B9672A0080204B /* Project object */;
}
